
Microsoft Visual Studio Solution File, Format Version 12.00
# Visual Studio Version 16
VisualStudioVersion = 16.0.29201.188
MinimumVisualStudioVersion = 10.0.40219.1
Project("{9A19103F-16F7-4668-BE54-9A1E7A4F7556}") = "BleakwindBuffet.Data", "BleakwindBuffet.Data\BleakwindBuffet.Data.csproj", "{AC67CF22-8263-496D-B52B-B3FA57303AFE}"
EndProject
Project("{FAE04EC0-301F-11D3-BF4B-00C04F79EFBC}") = "XUnitTestBleakwindBuffet.Data", "XUnitTestBleakwindBuffet.Data\XUnitTestBleakwindBuffet.Data.csproj", "{56D24603-9F35-4950-BDCA-4164FFF09B49}"
EndProject
Global
	GlobalSection(SolutionConfigurationPlatforms) = preSolution
		Debug|Any CPU = Debug|Any CPU
		Release|Any CPU = Release|Any CPU
	EndGlobalSection
	GlobalSection(ProjectConfigurationPlatforms) = postSolution
		{AC67CF22-8263-496D-B52B-B3FA57303AFE}.Debug|Any CPU.ActiveCfg = Debug|Any CPU
		{AC67CF22-8263-496D-B52B-B3FA57303AFE}.Debug|Any CPU.Build.0 = Debug|Any CPU
		{AC67CF22-8263-496D-B52B-B3FA57303AFE}.Release|Any CPU.ActiveCfg = Release|Any CPU
		{AC67CF22-8263-496D-B52B-B3FA57303AFE}.Release|Any CPU.Build.0 = Release|Any CPU
		{56D24603-9F35-4950-BDCA-4164FFF09B49}.Debug|Any CPU.ActiveCfg = Debug|Any CPU
		{56D24603-9F35-4950-BDCA-4164FFF09B49}.Debug|Any CPU.Build.0 = Debug|Any CPU
		{56D24603-9F35-4950-BDCA-4164FFF09B49}.Release|Any CPU.ActiveCfg = Release|Any CPU
		{56D24603-9F35-4950-BDCA-4164FFF09B49}.Release|Any CPU.Build.0 = Release|Any CPU
	EndGlobalSection
	GlobalSection(SolutionProperties) = preSolution
		HideSolutionNode = FALSE
	EndGlobalSection
	GlobalSection(ExtensibilityGlobals) = postSolution
		SolutionGuid = {62F4D4FF-6CEF-45FF-9B26-F778FA84638F}
	EndGlobalSection
EndGlobal
